
Microsoft Visual Studio Solution File, Format Version 12.00
# Visual Studio Version 17
VisualStudioVersion = 17.3.32922.545
MinimumVisualStudioVersion = 10.0.40219.1
Project("{9A19103F-16F7-4668-BE54-9A1E7A4F7556}") = "Tech.Tevux.Dashboards.Controls.WebViewer", "Tech.Tevux.Dashboards.Controls.WebViewer\Tech.Tevux.Dashboards.Controls.WebViewer.csproj", "{F073D2D4-E9D2-427C-ADC8-7A5C7C7440E6}"
EndProject
Global
	GlobalSection(SolutionConfigurationPlatforms) = preSolution
		Debug|Any CPU = Debug|Any CPU
		Release|Any CPU = Release|Any CPU
	EndGlobalSection
	GlobalSection(ProjectConfigurationPlatforms) = postSolution
		{F073D2D4-E9D2-427C-ADC8-7A5C7C7440E6}.Debug|Any CPU.ActiveCfg = Debug|Any CPU
		{F073D2D4-E9D2-427C-ADC8-7A5C7C7440E6}.Debug|Any CPU.Build.0 = Debug|Any CPU
		{F073D2D4-E9D2-427C-ADC8-7A5C7C7440E6}.Release|Any CPU.ActiveCfg = Release|Any CPU
		{F073D2D4-E9D2-427C-ADC8-7A5C7C7440E6}.Release|Any CPU.Build.0 = Release|Any CPU
	EndGlobalSection
	GlobalSection(SolutionProperties) = preSolution
		HideSolutionNode = FALSE
	EndGlobalSection
	GlobalSection(ExtensibilityGlobals) = postSolution
		SolutionGuid = {8BCEEE4A-0B06-4AE4-BD7E-4BD02FB0409A}
	EndGlobalSection
EndGlobal
